# This file is automatically @generated by Poetry 1.8.3 and should not be changed by hand.

[[package]]
name = "pegen"
version = "0.3.0"
description = "CPython's PEG parser generator"
optional = false
python-versions = "<4,>=3.8"
files = [
    {file = "pegen-0.3.0-py3-none-any.whl", hash = "sha256:69253c196ea425828a6ca01cec1aadca415cd5c789b4d00d653962234497071a"},
    {file = "pegen-0.3.0.tar.gz", hash = "sha256:8cb30cee508a95c573aa256ed2cfa80ef8f561b90264c70e7de5afc50b4ac87d"},
]

[package.extras]
docs = ["furo", "sphinx", "sphinx-copybutton"]
lint = ["black", "flake8", "mypy"]
memory = ["psutil"]
test = ["pytest", "pytest-cov"]
web = ["flask", "flask-wtf"]

[[package]]
name = "pixyverse-pixy"
version = "0.0.8"
description = "A package to parse pixy component files which allow you to author components in python"
optional = false
python-versions = ">=3.10"
files = [
    {file = "pixyverse.pixy-0.0.8-py3-none-any.whl", hash = "sha256:b5b1c5aaf3fc42e2f37a634bcfb003442e6e677185f9fdea7163ed1c04b8a0e3"},
    {file = "pixyverse_pixy-0.0.8.tar.gz", hash = "sha256:83b8380855d347b32414a78ad92c8838832d664baf7fa5bfbea7fe47b169a6fa"},
]

[package.dependencies]
pegen = ">=0.3.0"

[package.extras]
dev = ["black", "build", "flake8", "mypy", "pre-commit", "types-setuptools"]
publish = ["twine"]

[[package]]
name = "pixyverse-render-html"
version = "0.1.5"
description = "A package to render pixy (.pix) files to HTML"
optional = false
python-versions = "<4.0,>=3.10"
files = [
    {file = "pixyverse_render_html-0.1.5-py3-none-any.whl", hash = "sha256:a2f7b65916555cec7924bd280474ea2592a490b63d9c5cd9ac2479006a96fb6a"},
    {file = "pixyverse_render_html-0.1.5.tar.gz", hash = "sha256:afa77855888fb646198d8f092ad60fdaf1488eb050b13302f0704054252a69ca"},
]

[package.dependencies]
pixyverse-pixy = ">=0.0.8,<0.0.9"

[[package]]
name = "pygments"
version = "2.18.0"
description = "Pygments is a syntax highlighting package written in Python."
optional = false
python-versions = ">=3.8"
files = [
    {file = "pygments-2.18.0-py3-none-any.whl", hash = "sha256:b8e6aca0523f3ab76fee51799c488e38782ac06eafcf95e7ba832985c8e7b13a"},
    {file = "pygments-2.18.0.tar.gz", hash = "sha256:786ff802f32e91311bff3889f6e9a86e81505fe99f2735bb6d60ae0c5004f199"},
]

[package.extras]
windows-terminal = ["colorama (>=0.4.6)"]

[metadata]
lock-version = "2.0"
python-versions = "^3.12"
content-hash = "6a86bb382de2fc0d7effe9a419309a8b60b0e546333a243c0429ce1f836a8890"
